
Microsoft Visual Studio Solution File, Format Version 12.00
# Visual Studio Version 17
VisualStudioVersion = 17.8.34511.84
MinimumVisualStudioVersion = 10.0.40219.1
Project("{9A19103F-16F7-4668-BE54-9A1E7A4F7556}") = "JRB.RewriteableConsoleContent", "JRB.RewriteableConsoleContent\JRB.RewriteableConsoleContent.csproj", "{708F2C19-E5B5-43E9-9968-6BB55D37A2C6}"
EndProject
Project("{9A19103F-16F7-4668-BE54-9A1E7A4F7556}") = "JRB.RewriteableConsoleContent.Test", "JRB.RewriteableConsoleContent.Test\JRB.RewriteableConsoleContent.Test.csproj", "{0BE87F2B-BE8E-45BD-9E91-2ABEDC145356}"
EndProject
Project("{FAE04EC0-301F-11D3-BF4B-00C04F79EFBC}") = "JRB.RewriteableConsoleContent.TestConsole", "JRB.RewriteableConsoleContent.TestConsole\JRB.RewriteableConsoleContent.TestConsole.csproj", "{D941C68E-1B60-4111-BEAC-A26660DAFB34}"
EndProject
Global
	GlobalSection(SolutionConfigurationPlatforms) = preSolution
		Debug|Any CPU = Debug|Any CPU
		Release|Any CPU = Release|Any CPU
	EndGlobalSection
	GlobalSection(ProjectConfigurationPlatforms) = postSolution
		{708F2C19-E5B5-43E9-9968-6BB55D37A2C6}.Debug|Any CPU.ActiveCfg = Debug|Any CPU
		{708F2C19-E5B5-43E9-9968-6BB55D37A2C6}.Debug|Any CPU.Build.0 = Debug|Any CPU
		{708F2C19-E5B5-43E9-9968-6BB55D37A2C6}.Release|Any CPU.ActiveCfg = Release|Any CPU
		{708F2C19-E5B5-43E9-9968-6BB55D37A2C6}.Release|Any CPU.Build.0 = Release|Any CPU
		{0BE87F2B-BE8E-45BD-9E91-2ABEDC145356}.Debug|Any CPU.ActiveCfg = Debug|Any CPU
		{0BE87F2B-BE8E-45BD-9E91-2ABEDC145356}.Debug|Any CPU.Build.0 = Debug|Any CPU
		{0BE87F2B-BE8E-45BD-9E91-2ABEDC145356}.Release|Any CPU.ActiveCfg = Release|Any CPU
		{0BE87F2B-BE8E-45BD-9E91-2ABEDC145356}.Release|Any CPU.Build.0 = Release|Any CPU
		{D941C68E-1B60-4111-BEAC-A26660DAFB34}.Debug|Any CPU.ActiveCfg = Debug|Any CPU
		{D941C68E-1B60-4111-BEAC-A26660DAFB34}.Debug|Any CPU.Build.0 = Debug|Any CPU
		{D941C68E-1B60-4111-BEAC-A26660DAFB34}.Release|Any CPU.ActiveCfg = Release|Any CPU
		{D941C68E-1B60-4111-BEAC-A26660DAFB34}.Release|Any CPU.Build.0 = Release|Any CPU
	EndGlobalSection
	GlobalSection(SolutionProperties) = preSolution
		HideSolutionNode = FALSE
	EndGlobalSection
	GlobalSection(ExtensibilityGlobals) = postSolution
		SolutionGuid = {1D790A02-0232-47A1-9776-4FB7DE2DDFF4}
	EndGlobalSection
EndGlobal
